GEM
  remote: https://rubygems.org/
  specs:
    base64 (0.3.0)
    cuba (4.0.3)
      rack (>= 3.0.0)
      rack-session (>= 2.0.0)
    logger (1.7.0)
    prism (1.9.0)
    rack (3.2.7)
    rack-session (2.1.2)
      base64 (>= 0.1.0)
      rack (>= 3.0.0)
    rbs (4.2.0)
      logger
      prism (>= 1.6.0)
      tsort
    rbs-inline (0.14.0)
      prism (>= 0.29)
      rbs (~> 4.0)
    tsort (0.2.0)
    webrick (1.9.2)

PLATFORMS
  arm64-darwin-25
  ruby

DEPENDENCIES
  cuba (~> 4.0)
  rack (~> 3.2, >= 3.2.7)
  rbs (~> 4.0)
  rbs-inline (~> 0.14)
  webrick (~> 1.9)

CHECKSUMS
  base64 (0.3.0) sha256=27337aeabad6ffae05c265c450490628ef3ebd4b67be58257393227588f5a97b
  cuba (4.0.3) sha256=c67e3bc476719518cfbc5002273a8a9480a9f86a375ab0ce5c95aacfc7e24589
  logger (1.7.0) sha256=196edec7cc44b66cfb40f9755ce11b392f21f7967696af15d274dde7edff0203
  prism (1.9.0) sha256=7b530c6a9f92c24300014919c9dcbc055bf4cdf51ec30aed099b06cd6674ef85
  rack (3.2.7) sha256=93e13e1c24f93556671d85d2d79fa228c3485815c50d7e2f265b5330c6528fb7
  rack-session (2.1.2) sha256=595434f8c0c3473ae7d7ac56ecda6cc6dfd9d37c0b2b5255330aa1576967ffe8
  rbs (4.2.0) sha256=51f7b886dcc05bc09e10b901daa6a81829f6adc03101d6ca9ea4aac6103e0674
  rbs-inline (0.14.0) sha256=eaf47b46690d63acddab1f6804c9cc205a4bc78e637cfc421a0b1239874ef51c
  tsort (0.2.0) sha256=9650a793f6859a43b6641671278f79cfead60ac714148aabe4e3f0060480089f
  webrick (1.9.2) sha256=beb4a15fc474defed24a3bda4ffd88a490d517c9e4e6118c3edce59e45864131

BUNDLED WITH
  4.0.20
